
Microsoft Visual Studio Solution File, Format Version 12.00
# Visual Studio Version 16
VisualStudioVersion = 16.0.29806.167
MinimumVisualStudioVersion = 10.0.40219.1
Project("{9A19103F-16F7-4668-BE54-9A1E7A4F7556}") = "VisualAlgorithms.Common", "VisualAlgorithms.Server\VisualAlgorithms.Common\VisualAlgorithms.Common.csproj", "{62703224-2521-46FD-AD21-CDA619BBC876}"
EndProject
Project("{9A19103F-16F7-4668-BE54-9A1E7A4F7556}") = "VisualAlgorithms.Database", "VisualAlgorithms.Server\VisualAlgorithms.Database\VisualAlgorithms.Database.csproj", "{81F9F789-E691-4990-AECE-DCCDAE0ABA7D}"
EndProject
Project("{9A19103F-16F7-4668-BE54-9A1E7A4F7556}") = "VisualAlgorithms.Domain", "VisualAlgorithms.Server\VisualAlgorithms.Domain\VisualAlgorithms.Domain.csproj", "{E3B2A9EB-1CA8-4702-9563-97C6DE8FF15C}"
EndProject
Project("{9A19103F-16F7-4668-BE54-9A1E7A4F7556}") = "VisualAlgorithms.Entities", "VisualAlgorithms.Server\VisualAlgorithms.Entities\VisualAlgorithms.Entities.csproj", "{3F286F16-B405-4995-B292-81CF0F98F56F}"
EndProject
Project("{9A19103F-16F7-4668-BE54-9A1E7A4F7556}") = "VisualAlgorithms.Identity", "VisualAlgorithms.Server\VisualAlgorithms.Identity\VisualAlgorithms.Identity.csproj", "{1676FDB5-75EB-4F04-B676-48F8DFE9B54C}"
EndProject
Project("{9A19103F-16F7-4668-BE54-9A1E7A4F7556}") = "VisualAlgorithms.Mappers", "VisualAlgorithms.Server\VisualAlgorithms.Mappers\VisualAlgorithms.Mappers.csproj", "{E4D7D31E-8A0F-437C-A743-F009B7443A23}"
EndProject
Project("{9A19103F-16F7-4668-BE54-9A1E7A4F7556}") = "VisualAlgorithms.Models", "VisualAlgorithms.Server\VisualAlgorithms.Models\VisualAlgorithms.Models.csproj", "{B0F27AB8-E566-4FDA-AAC4-BE7307907381}"
EndProject
Project("{9A19103F-16F7-4668-BE54-9A1E7A4F7556}") = "VisualAlgorithms.Repository", "VisualAlgorithms.Server\VisualAlgorithms.Repository\VisualAlgorithms.Repository.csproj", "{4C59A80F-00A6-4089-AC49-6BB42C0048BC}"
EndProject
Project("{9A19103F-16F7-4668-BE54-9A1E7A4F7556}") = "VisualAlgorithms.Services", "VisualAlgorithms.Server\VisualAlgorithms.Services\VisualAlgorithms.Services.csproj", "{E0A537C0-4B6F-433E-B5AD-9C7EAE4C2BB4}"
EndProject
Project("{9A19103F-16F7-4668-BE54-9A1E7A4F7556}") = "VisualAlgorithms.Api", "VisualAlgorithms.Server\VisualAlgorithms.Api\VisualAlgorithms.Api.csproj", "{9C6BA89C-9C29-453F-A902-043FA1E66294}"
EndProject
Global
	GlobalSection(SolutionConfigurationPlatforms) = preSolution
		Debug|Any CPU = Debug|Any CPU
		Release|Any CPU = Release|Any CPU
	EndGlobalSection
	GlobalSection(ProjectConfigurationPlatforms) = postSolution
		{62703224-2521-46FD-AD21-CDA619BBC876}.Debug|Any CPU.ActiveCfg = Debug|Any CPU
		{62703224-2521-46FD-AD21-CDA619BBC876}.Debug|Any CPU.Build.0 = Debug|Any CPU
		{62703224-2521-46FD-AD21-CDA619BBC876}.Release|Any CPU.ActiveCfg = Release|Any CPU
		{62703224-2521-46FD-AD21-CDA619BBC876}.Release|Any CPU.Build.0 = Release|Any CPU
		{81F9F789-E691-4990-AECE-DCCDAE0ABA7D}.Debug|Any CPU.ActiveCfg = Debug|Any CPU
		{81F9F789-E691-4990-AECE-DCCDAE0ABA7D}.Debug|Any CPU.Build.0 = Debug|Any CPU
		{81F9F789-E691-4990-AECE-DCCDAE0ABA7D}.Release|Any CPU.ActiveCfg = Release|Any CPU
		{81F9F789-E691-4990-AECE-DCCDAE0ABA7D}.Release|Any CPU.Build.0 = Release|Any CPU
		{E3B2A9EB-1CA8-4702-9563-97C6DE8FF15C}.Debug|Any CPU.ActiveCfg = Debug|Any CPU
		{E3B2A9EB-1CA8-4702-9563-97C6DE8FF15C}.Debug|Any CPU.Build.0 = Debug|Any CPU
		{E3B2A9EB-1CA8-4702-9563-97C6DE8FF15C}.Release|Any CPU.ActiveCfg = Release|Any CPU
		{E3B2A9EB-1CA8-4702-9563-97C6DE8FF15C}.Release|Any CPU.Build.0 = Release|Any CPU
		{3F286F16-B405-4995-B292-81CF0F98F56F}.Debug|Any CPU.ActiveCfg = Debug|Any CPU
		{3F286F16-B405-4995-B292-81CF0F98F56F}.Debug|Any CPU.Build.0 = Debug|Any CPU
		{3F286F16-B405-4995-B292-81CF0F98F56F}.Release|Any CPU.ActiveCfg = Release|Any CPU
		{3F286F16-B405-4995-B292-81CF0F98F56F}.Release|Any CPU.Build.0 = Release|Any CPU
		{1676FDB5-75EB-4F04-B676-48F8DFE9B54C}.Debug|Any CPU.ActiveCfg = Debug|Any CPU
		{1676FDB5-75EB-4F04-B676-48F8DFE9B54C}.Debug|Any CPU.Build.0 = Debug|Any CPU
		{1676FDB5-75EB-4F04-B676-48F8DFE9B54C}.Release|Any CPU.ActiveCfg = Release|Any CPU
		{1676FDB5-75EB-4F04-B676-48F8DFE9B54C}.Release|Any CPU.Build.0 = Release|Any CPU
		{E4D7D31E-8A0F-437C-A743-F009B7443A23}.Debug|Any CPU.ActiveCfg = Debug|Any CPU
		{E4D7D31E-8A0F-437C-A743-F009B7443A23}.Debug|Any CPU.Build.0 = Debug|Any CPU
		{E4D7D31E-8A0F-437C-A743-F009B7443A23}.Release|Any CPU.ActiveCfg = Release|Any CPU
		{E4D7D31E-8A0F-437C-A743-F009B7443A23}.Release|Any CPU.Build.0 = Release|Any CPU
		{B0F27AB8-E566-4FDA-AAC4-BE7307907381}.Debug|Any CPU.ActiveCfg = Debug|Any CPU
		{B0F27AB8-E566-4FDA-AAC4-BE7307907381}.Debug|Any CPU.Build.0 = Debug|Any CPU
		{B0F27AB8-E566-4FDA-AAC4-BE7307907381}.Release|Any CPU.ActiveCfg = Release|Any CPU
		{B0F27AB8-E566-4FDA-AAC4-BE7307907381}.Release|Any CPU.Build.0 = Release|Any CPU
		{4C59A80F-00A6-4089-AC49-6BB42C0048BC}.Debug|Any CPU.ActiveCfg = Debug|Any CPU
		{4C59A80F-00A6-4089-AC49-6BB42C0048BC}.Debug|Any CPU.Build.0 = Debug|Any CPU
		{4C59A80F-00A6-4089-AC49-6BB42C0048BC}.Release|Any CPU.ActiveCfg = Release|Any CPU
		{4C59A80F-00A6-4089-AC49-6BB42C0048BC}.Release|Any CPU.Build.0 = Release|Any CPU
		{E0A537C0-4B6F-433E-B5AD-9C7EAE4C2BB4}.Debug|Any CPU.ActiveCfg = Debug|Any CPU
		{E0A537C0-4B6F-433E-B5AD-9C7EAE4C2BB4}.Debug|Any CPU.Build.0 = Debug|Any CPU
		{E0A537C0-4B6F-433E-B5AD-9C7EAE4C2BB4}.Release|Any CPU.ActiveCfg = Release|Any CPU
		{E0A537C0-4B6F-433E-B5AD-9C7EAE4C2BB4}.Release|Any CPU.Build.0 = Release|Any CPU
		{9C6BA89C-9C29-453F-A902-043FA1E66294}.Debug|Any CPU.ActiveCfg = Debug|Any CPU
		{9C6BA89C-9C29-453F-A902-043FA1E66294}.Debug|Any CPU.Build.0 = Debug|Any CPU
		{9C6BA89C-9C29-453F-A902-043FA1E66294}.Release|Any CPU.ActiveCfg = Release|Any CPU
		{9C6BA89C-9C29-453F-A902-043FA1E66294}.Release|Any CPU.Build.0 = Release|Any CPU
	EndGlobalSection
	GlobalSection(SolutionProperties) = preSolution
		HideSolutionNode = FALSE
	EndGlobalSection
	GlobalSection(ExtensibilityGlobals) = postSolution
		SolutionGuid = {0C07A2A4-8C9E-4E09-B1A1-D3E4D35748DE}
	EndGlobalSection
EndGlobal
